// !$*UTF8*$!
{
	archiveVersion = 1;
	classes = {
	};
	objectVersion = 51;
	objects = {

/* Begin PBXBuildFile section */
		5551120B25FE0AC00016B328 /* AppDelegate.swift in Sources */ = {isa = PBXBuildFile; fileRef = 5551120A25FE0AC00016B328 /* AppDelegate.swift */; };
		5551120D25FE0AC00016B328 /* SceneDelegate.swift in Sources */ = {isa = PBXBuildFile; fileRef = 5551120C25FE0AC00016B328 /* SceneDelegate.swift */; };
		5551120F25FE0AC00016B328 /* ViewController.swift in Sources */ = {isa = PBXBuildFile; fileRef = 5551120E25FE0AC00016B328 /* ViewController.swift */; };
		5551121225FE0AC00016B328 /* Main.storyboard in Resources */ = {isa = PBXBuildFile; fileRef = 5551121025FE0AC00016B328 /* Main.storyboard */; };
		5551121425FE0AC20016B328 /* Assets.xcassets in Resources */ = {isa = PBXBuildFile; fileRef = 5551121325FE0AC20016B328 /* Assets.xcassets */; };
		5551121725FE0AC20016B328 /* LaunchScreen.storyboard in Resources */ = {isa = PBXBuildFile; fileRef = 5551121525FE0AC20016B328 /* LaunchScreen.storyboard */; };
		5551121F25FE0CA70016B328 /* GoogleService-Info.plist in Resources */ = {isa = PBXBuildFile; fileRef = 5551121E25FE0CA70016B328 /* GoogleService-Info.plist */; };
		BB124B1DF4EF169E58CFB11A /* Pods_Eventish.framework in Frameworks */ = {isa = PBXBuildFile; fileRef = C3A6732A6E6AD9B6B5815CB6 /* Pods_Eventish.framework */; };
/* End PBXBuildFile section */

/* Begin PBXFileReference section */
		0A8C26A655C7B175B1DC4D43 /* Pods-Eventish.release.xcconfig */ = {isa = PBXFileReference; includeInIndex = 1; lastKnownFileType = text.xcconfig; name = "Pods-Eventish.release.xcconfig"; path = "Target Support Files/Pods-Eventish/Pods-Eventish.release.xcconfig"; sourceTree = "<group>"; };
		42E45FAA51E6CCDD8757EC89 /* Pods-Eventish.debug.xcconfig */ = {isa = PBXFileReference; includeInIndex = 1; lastKnownFileType = text.xcconfig; name = "Pods-Eventish.debug.xcconfig"; path = "Target Support Files/Pods-Eventish/Pods-Eventish.debug.xcconfig"; sourceTree = "<group>"; };
		5551120725FE0AC00016B328 /* Eventish.app */ = {isa = PBXFileReference; explicitFileType = wrapper.application; includeInIndex = 0; path = Eventish.app; sourceTree = BUILT_PRODUCTS_DIR; };
		5551120A25FE0AC00016B328 /* AppDelegate.swift */ = {isa = PBXFileReference; lastKnownFileType = sourcecode.swift; path = AppDelegate.swift; sourceTree = "<group>"; };
		5551120C25FE0AC00016B328 /* SceneDelegate.swift */ = {isa = PBXFileReference; lastKnownFileType = sourcecode.swift; path = SceneDelegate.swift; sourceTree = "<group>"; };
		5551120E25FE0AC00016B328 /* ViewController.swift */ = {isa = PBXFileReference; lastKnownFileType = sourcecode.swift; path = ViewController.swift; sourceTree = "<group>"; };
		5551121125FE0AC00016B328 /* Base */ = {isa = PBXFileReference; lastKnownFileType = file.storyboard; name = Base; path = Base.lproj/Main.storyboard; sourceTree = "<group>"; };
		5551121325FE0AC20016B328 /* Assets.xcassets */ = {isa = PBXFileReference; lastKnownFileType = folder.assetcatalog; path = Assets.xcassets; sourceTree = "<group>"; };
		5551121625FE0AC20016B328 /* Base */ = {isa = PBXFileReference; lastKnownFileType = file.storyboard; name = Base; path = Base.lproj/LaunchScreen.storyboard; sourceTree = "<group>"; };
		5551121825FE0AC20016B328 /* Info.plist */ = {isa = PBXFileReference; lastKnownFileType = text.plist.xml; path = Info.plist; sourceTree = "<group>"; };
		5551121E25FE0CA70016B328 /* GoogleService-Info.plist */ = {isa = PBXFileReference; fileEncoding = 4; lastKnownFileType = text.plist.xml; name = "GoogleService-Info.plist"; path = "../../../Downloads/GoogleService-Info.plist"; sourceTree = "<group>"; };
		C3A6732A6E6AD9B6B5815CB6 /* Pods_Eventish.framework */ = {isa = PBXFileReference; explicitFileType = wrapper.framework; includeInIndex = 0; path = Pods_Eventish.framework; sourceTree = BUILT_PRODUCTS_DIR; };
/* End PBXFileReference section */

/* Begin PBXFrameworksBuildPhase section */
		5551120425FE0AC00016B328 /* Frameworks */ = {
			isa = PBXFrameworksBuildPhase;
			buildActionMask = 2147483647;
			files = (
				BB124B1DF4EF169E58CFB11A /* Pods_Eventish.framework in Frameworks */,
			);
			runOnlyForDeploymentPostprocessing = 0;
		};
/* End PBXFrameworksBuildPhase section */

/* Begin PBXGroup section */
		4E317FC4F3DE28187C7BE447 /* Frameworks */ = {
			isa = PBXGroup;
			children = (
				C3A6732A6E6AD9B6B5815CB6 /* Pods_Eventish.framework */,
			);
			name = Frameworks;
			sourceTree = "<group>";
		};
		555111FE25FE0AC00016B328 = {
			isa = PBXGroup;
			children = (
				5551120925FE0AC00016B328 /* Eventish */,
				5551120825FE0AC00016B328 /* Products */,
				F9F2E3CCDF6D094225A25EF2 /* Pods */,
				4E317FC4F3DE28187C7BE447 /* Frameworks */,
			);
			sourceTree = "<group>";
		};
		5551120825FE0AC00016B328 /* Products */ = {
			isa = PBXGroup;
			children = (
				5551120725FE0AC00016B328 /* Eventish.app */,
			);
			name = Products;
			sourceTree = "<group>";
		};
		5551120925FE0AC00016B328 /* Eventish */ = {
			isa = PBXGroup;
			children = (
				5551121E25FE0CA70016B328 /* GoogleService-Info.plist */,
				5551120A25FE0AC00016B328 /* AppDelegate.swift */,
				5551120C25FE0AC00016B328 /* SceneDelegate.swift */,
				5551120E25FE0AC00016B328 /* ViewController.swift */,
				5551121025FE0AC00016B328 /* Main.storyboard */,
				5551121325FE0AC20016B328 /* Assets.xcassets */,
				5551121525FE0AC20016B328 /* LaunchScreen.storyboard */,
				5551121825FE0AC20016B328 /* Info.plist */,
			);
			path = Eventish;
			sourceTree = "<group>";
		};
		F9F2E3CCDF6D094225A25EF2 /* Pods */ = {
			isa = PBXGroup;
			children = (
				42E45FAA51E6CCDD8757EC89 /* Pods-Eventish.debug.xcconfig */,
				0A8C26A655C7B175B1DC4D43 /* Pods-Eventish.release.xcconfig */,
			);
			path = Pods;
			sourceTree = "<group>";
		};
/* End PBXGroup section */

/* Begin PBXNativeTarget section */
		5551120625FE0AC00016B328 /* Eventish */ = {
			isa = PBXNativeTarget;
			buildConfigurationList = 5551121B25FE0AC20016B328 /* Build configuration list for PBXNativeTarget "Eventish" */;
			buildPhases = (
				F85400D921D6C337CF401E6F /* [CP] Check Pods Manifest.lock */,
				5551120325FE0AC00016B328 /* Sources */,
				5551120425FE0AC00016B328 /* Frameworks */,
				5551120525FE0AC00016B328 /* Resources */,
				485186F389BB00D7D3289B2F /* [CP] Embed Pods Frameworks */,
			);
			buildRules = (
			);
			dependencies = (
			);
			name = Eventish;
			productName = Eventish;
			productReference = 5551120725FE0AC00016B328 /* Eventish.app */;
			productType = "com.apple.product-type.application";
		};
/* End PBXNativeTarget section */

/* Begin PBXProject section */
		555111FF25FE0AC00016B328 /* Project object */ = {
			isa = PBXProject;
			attributes = {
				LastSwiftUpdateCheck = 1130;
				LastUpgradeCheck = 1130;
				ORGANIZATIONNAME = isd;
				TargetAttributes = {
					5551120625FE0AC00016B328 = {
						CreatedOnToolsVersion = 11.3.1;
					};
				};
			};
			buildConfigurationList = 5551120225FE0AC00016B328 /* Build configuration list for PBXProject "Eventish" */;
			compatibilityVersion = "Xcode 9.3";
			developmentRegion = en;
			hasScannedForEncodings = 0;
			knownRegions = (
				en,
				Base,
			);
			mainGroup = 555111FE25FE0AC00016B328;
			productRefGroup = 5551120825FE0AC00016B328 /* Products */;
			projectDirPath = "";
			projectRoot = "";
			targets = (
				5551120625FE0AC00016B328 /* Eventish */,
			);
		};
/* End PBXProject section */

/* Begin PBXResourcesBuildPhase section */
		5551120525FE0AC00016B328 /* Resources */ = {
			isa = PBXResourcesBuildPhase;
			buildActionMask = 2147483647;
			files = (
				5551121725FE0AC20016B328 /* LaunchScreen.storyboard in Resources */,
				5551121F25FE0CA70016B328 /* GoogleService-Info.plist in Resources */,
				5551121425FE0AC20016B328 /* Assets.xcassets in Resources */,
				5551121225FE0AC00016B328 /* Main.storyboard in Resources */,
			);
			runOnlyForDeploymentPostprocessing = 0;
		};
/* End PBXResourcesBuildPhase section */

/* Begin PBXShellScriptBuildPhase section */
		485186F389BB00D7D3289B2F /* [CP] Embed Pods Frameworks */ = {
			isa = PBXShellScriptBuildPhase;
			buildActionMask = 2147483647;
			files = (
			);
			inputFileListPaths = (
				"${PODS_ROOT}/Target Support Files/Pods-Eventish/Pods-Eventish-frameworks-${CONFIGURATION}-input-files.xcfilelist",
			);
			name = "[CP] Embed Pods Frameworks";
			outputFileListPaths = (
				"${PODS_ROOT}/Target Support Files/Pods-Eventish/Pods-Eventish-frameworks-${CONFIGURATION}-output-files.xcfilelist",
			);
			runOnlyForDeploymentPostprocessing = 0;
			shellPath = /bin/sh;
			shellScript = "\"${PODS_ROOT}/Target Support Files/Pods-Eventish/Pods-Eventish-frameworks.sh\"\n";
			showEnvVarsInLog = 0;
		};
		F85400D921D6C337CF401E6F /* [CP] Check Pods Manifest.lock */ = {
			isa = PBXShellScriptBuildPhase;
			buildActionMask = 2147483647;
			files = (
			);
			inputFileListPaths = (
			);
			inputPaths = (
				"${PODS_PODFILE_DIR_PATH}/Podfile.lock",
				"${PODS_ROOT}/Manifest.lock",
			);
			name = "[CP] Check Pods Manifest.lock";
			outputFileListPaths = (
			);
			outputPaths = (
				"$(DERIVED_FILE_DIR)/Pods-Eventish-checkManifestLockResult.txt",
			);
			runOnlyForDeploymentPostprocessing = 0;
			shellPath = /bin/sh;
			shellScript = "diff \"${PODS_PODFILE_DIR_PATH}/Podfile.lock\" \"${PODS_ROOT}/Manifest.lock\" > /dev/null\nif [ $? != 0 ] ; then\n    # print error to STDERR\n    echo \"error: The sandbox is not in sync with the Podfile.lock. Run 'pod install' or update your CocoaPods installation.\" >&2\n    exit 1\nfi\n# This output is used by Xcode 'outputs' to avoid re-running this script phase.\necho \"SUCCESS\" > \"${SCRIPT_OUTPUT_FILE_0}\"\n";
			showEnvVarsInLog = 0;
		};
/* End PBXShellScriptBuildPhase section */

/* Begin PBXSourcesBuildPhase section */
		5551120325FE0AC00016B328 /* Sources */ = {
			isa = PBXSourcesBuildPhase;
			buildActionMask = 2147483647;
			files = (
				5551120F25FE0AC00016B328 /* ViewController.swift in Sources */,
				5551120B25FE0AC00016B328 /* AppDelegate.swift in Sources */,
				5551120D25FE0AC00016B328 /* SceneDelegate.swift in Sources */,
			);
			runOnlyForDeploymentPostprocessing = 0;
		};
/* End PBXSourcesBuildPhase section */

/* Begin PBXVariantGroup section */
		5551121025FE0AC00016B328 /* Main.storyboard */ = {
			isa = PBXVariantGroup;
			children = (
				5551121125FE0AC00016B328 /* Base */,
			);
			name = Main.storyboard;
			sourceTree = "<group>";
		};
		5551121525FE0AC20016B328 /* LaunchScreen.storyboard */ = {
			isa = PBXVariantGroup;
			children = (
				5551121625FE0AC20016B328 /* Base */,
			);
			name = LaunchScreen.storyboard;
			sourceTree = "<group>";
		};
/* End PBXVariantGroup section */

/* Begin XCBuildConfiguration section */
		5551121925FE0AC20016B328 /* Debug */ = {
			isa = XCBuildConfiguration;
			buildSettings = {
				ALWAYS_SEARCH_USER_PATHS = NO;
				CLANG_ANALYZER_NONNULL = YES;
				CLANG_ANALYZER_NUMBER_OBJECT_CONVERSION = YES_AGGRESSIVE;
				CLANG_CXX_LANGUAGE_STANDARD = "gnu++14";
				CLANG_CXX_LIBRARY = "libc++";
				CLANG_ENABLE_MODULES = YES;
				CLANG_ENABLE_OBJC_ARC = YES;
				CLANG_ENABLE_OBJC_WEAK = YES;
				CLANG_WARN_BLOCK_CAPTURE_AUTORELEASING = YES;
				CLANG_WARN_BOOL_CONVERSION = YES;
				CLANG_WARN_COMMA = YES;
				CLANG_WARN_CONSTANT_CONVERSION = YES;
				CLANG_WARN_DEPRECATED_OBJC_IMPLEMENTATIONS = YES;
				CLANG_WARN_DIRECT_OBJC_ISA_USAGE = YES_ERROR;
				CLANG_WARN_DOCUMENTATION_COMMENTS = YES;
				CLANG_WARN_EMPTY_BODY = YES;
				CLANG_WARN_ENUM_CONVERSION = YES;
				CLANG_WARN_INFINITE_RECURSION = YES;
				CLANG_WARN_INT_CONVERSION = YES;
				CLANG_WARN_NON_LITERAL_NULL_CONVERSION = YES;
				CLANG_WARN_OBJC_IMPLICIT_RETAIN_SELF = YES;
				CLANG_WARN_OBJC_LITERAL_CONVERSION = YES;
				CLANG_WARN_OBJC_ROOT_CLASS = YES_ERROR;
				CLANG_WARN_RANGE_LOOP_ANALYSIS = YES;
				CLANG_WARN_STRICT_PROTOTYPES = YES;
				CLANG_WARN_SUSPICIOUS_MOVE = YES;
				CLANG_WARN_UNGUARDED_AVAILABILITY = YES_AGGRESSIVE;
				CLANG_WARN_UNREACHABLE_CODE = YES;
				CLANG_WARN__DUPLICATE_METHOD_MATCH = YES;
				COPY_PHASE_STRIP = NO;
				DEBUG_INFORMATION_FORMAT = dwarf;
				ENABLE_STRICT_OBJC_MSGSEND = YES;
				ENABLE_TESTABILITY = YES;
				GCC_C_LANGUAGE_STANDARD = gnu11;
				GCC_DYNAMIC_NO_PIC = NO;
				GCC_NO_COMMON_BLOCKS = YES;
				GCC_OPTIMIZATION_LEVEL = 0;
				GCC_PREPROCESSOR_DEFINITIONS = (
					"DEBUG=1",
					"$(inherited)",
				);
				GCC_WARN_64_TO_32_BIT_CONVERSION = YES;
				GCC_WARN_ABOUT_RETURN_TYPE = YES_ERROR;
				GCC_WARN_UNDECLARED_SELECTOR = YES;
				GCC_WARN_UNINITIALIZED_AUTOS = YES_AGGRESSIVE;
				GCC_WARN_UNUSED_FUNCTION = YES;
				GCC_WARN_UNUSED_VARIABLE = YES;
				IPHONEOS_DEPLOYMENT_TARGET = 13.2;
				MTL_ENABLE_DEBUG_INFO = INCLUDE_SOURCE;
				MTL_FAST_MATH = YES;
				ONLY_ACTIVE_ARCH = YES;
				SDKROOT = iphoneos;
				SWIFT_ACTIVE_COMPILATION_CONDITIONS = DEBUG;
				SWIFT_OPTIMIZATION_LEVEL = "-Onone";
			};
			name = Debug;
		};
		5551121A25FE0AC20016B328 /* Release */ = {
			isa = XCBuildConfiguration;
			buildSettings = {
				ALWAYS_SEARCH_USER_PATHS = NO;
				CLANG_ANALYZER_NONNULL = YES;
				CLANG_ANALYZER_NUMBER_OBJECT_CONVERSION = YES_AGGRESSIVE;
				CLANG_CXX_LANGUAGE_STANDARD = "gnu++14";
				CLANG_CXX_LIBRARY = "libc++";
				CLANG_ENABLE_MODULES = YES;
				CLANG_ENABLE_OBJC_ARC = YES;
				CLANG_ENABLE_OBJC_WEAK = YES;
				CLANG_WARN_BLOCK_CAPTURE_AUTORELEASING = YES;
				CLANG_WARN_BOOL_CONVERSION = YES;
				CLANG_WARN_COMMA = YES;
				CLANG_WARN_CONSTANT_CONVERSION = YES;
				CLANG_WARN_DEPRECATED_OBJC_IMPLEMENTATIONS = YES;
				CLANG_WARN_DIRECT_OBJC_ISA_USAGE = YES_ERROR;
				CLANG_WARN_DOCUMENTATION_COMMENTS = YES;
				CLANG_WARN_EMPTY_BODY = YES;
				CLANG_WARN_ENUM_CONVERSION = YES;
				CLANG_WARN_INFINITE_RECURSION = YES;
				CLANG_WARN_INT_CONVERSION = YES;
				CLANG_WARN_NON_LITERAL_NULL_CONVERSION = YES;
				CLANG_WARN_OBJC_IMPLICIT_RETAIN_SELF = YES;
				CLANG_WARN_OBJC_LITERAL_CONVERSION = YES;
				CLANG_WARN_OBJC_ROOT_CLASS = YES_ERROR;
				CLANG_WARN_RANGE_LOOP_ANALYSIS = YES;
				CLANG_WARN_STRICT_PROTOTYPES = YES;
				CLANG_WARN_SUSPICIOUS_MOVE = YES;
				CLANG_WARN_UNGUARDED_AVAILABILITY = YES_AGGRESSIVE;
				CLANG_WARN_UNREACHABLE_CODE = YES;
				CLANG_WARN__DUPLICATE_METHOD_MATCH = YES;
				COPY_PHASE_STRIP = NO;
				DEBUG_INFORMATION_FORMAT = "dwarf-with-dsym";
				ENABLE_NS_ASSERTIONS = NO;
				ENABLE_STRICT_OBJC_MSGSEND = YES;
				GCC_C_LANGUAGE_STANDARD = gnu11;
				GCC_NO_COMMON_BLOCKS = YES;
				GCC_WARN_64_TO_32_BIT_CONVERSION = YES;
				GCC_WARN_ABOUT_RETURN_TYPE = YES_ERROR;
				GCC_WARN_UNDECLARED_SELECTOR = YES;
				GCC_WARN_UNINITIALIZED_AUTOS = YES_AGGRESSIVE;
				GCC_WARN_UNUSED_FUNCTION = YES;
				GCC_WARN_UNUSED_VARIABLE = YES;
				IPHONEOS_DEPLOYMENT_TARGET = 13.2;
				MTL_ENABLE_DEBUG_INFO = NO;
				MTL_FAST_MATH = YES;
				SDKROOT = iphoneos;
				SWIFT_COMPILATION_MODE = wholemodule;
				SWIFT_OPTIMIZATION_LEVEL = "-O";
				VALIDATE_PRODUCT = YES;
			};
			name = Release;
		};
		5551121C25FE0AC20016B328 /* Debug */ = {
			isa = XCBuildConfiguration;
			baseConfigurationReference = 42E45FAA51E6CCDD8757EC89 /* Pods-Eventish.debug.xcconfig */;
			buildSettings = {
				ASSETCATALOG_COMPILER_APPICON_NAME = AppIcon;
				CODE_SIGN_STYLE = Automatic;
				DEVELOPMENT_TEAM = T32M4XNXW5;
				INFOPLIST_FILE = Eventish/Info.plist;
				LD_RUNPATH_SEARCH_PATHS = (
					"$(inherited)",
					"@executable_path/Frameworks",
				);
				PRODUCT_BUNDLE_IDENTIFIER = com.gmail.florianperhati1.Eventish;
				PRODUCT_NAME = "$(TARGET_NAME)";
				SWIFT_VERSION = 5.0;
				TARGETED_DEVICE_FAMILY = 1;
			};
			name = Debug;
		};
		5551121D25FE0AC20016B328 /* Release */ = {
			isa = XCBuildConfiguration;
			baseConfigurationReference = 0A8C26A655C7B175B1DC4D43 /* Pods-Eventish.release.xcconfig */;
			buildSettings = {
				ASSETCATALOG_COMPILER_APPICON_NAME = AppIcon;
				CODE_SIGN_STYLE = Automatic;
				DEVELOPMENT_TEAM = T32M4XNXW5;
				INFOPLIST_FILE = Eventish/Info.plist;
				LD_RUNPATH_SEARCH_PATHS = (
					"$(inherited)",
					"@executable_path/Frameworks",
				);
				PRODUCT_BUNDLE_IDENTIFIER = com.gmail.florianperhati1.Eventish;
				PRODUCT_NAME = "$(TARGET_NAME)";
				SWIFT_VERSION = 5.0;
				TARGETED_DEVICE_FAMILY = 1;
			};
			name = Release;
		};
/* End XCBuildConfiguration section */

/* Begin XCConfigurationList section */
		5551120225FE0AC00016B328 /* Build configuration list for PBXProject "Eventish" */ = {
			isa = XCConfigurationList;
			buildConfigurations = (
				5551121925FE0AC20016B328 /* Debug */,
				5551121A25FE0AC20016B328 /* Release */,
			);
			defaultConfigurationIsVisible = 0;
			defaultConfigurationName = Release;
		};
		5551121B25FE0AC20016B328 /* Build configuration list for PBXNativeTarget "Eventish" */ = {
			isa = XCConfigurationList;
			buildConfigurations = (
				5551121C25FE0AC20016B328 /* Debug */,
				5551121D25FE0AC20016B328 /* Release */,
			);
			defaultConfigurationIsVisible = 0;
			defaultConfigurationName = Release;
		};
/* End XCConfigurationList section */
	};
	rootObject = 555111FF25FE0AC00016B328 /* Project object */;
}
